
Microsoft Visual Studio Solution File, Format Version 12.00
# Visual Studio Version 16
VisualStudioVersion = 16.0.30611.23
MinimumVisualStudioVersion = 10.0.40219.1
Project("{FAE04EC0-301F-11D3-BF4B-00C04F79EFBC}") = "SGGO", "SGGO\SGGO.csproj", "{C341AE7B-24B6-4F5A-9C95-EF754AC917F3}"
EndProject
Project("{FAE04EC0-301F-11D3-BF4B-00C04F79EFBC}") = "DBService", "DBService\DBService.csproj", "{B8496FBD-223C-45F1-805C-EB38406A86FD}"
EndProject
Global
	GlobalSection(SolutionConfigurationPlatforms) = preSolution
		Debug|Any CPU = Debug|Any CPU
		Release|Any CPU = Release|Any CPU
	EndGlobalSection
	GlobalSection(ProjectConfigurationPlatforms) = postSolution
		{C341AE7B-24B6-4F5A-9C95-EF754AC917F3}.Debug|Any CPU.ActiveCfg = Debug|Any CPU
		{C341AE7B-24B6-4F5A-9C95-EF754AC917F3}.Debug|Any CPU.Build.0 = Debug|Any CPU
		{C341AE7B-24B6-4F5A-9C95-EF754AC917F3}.Release|Any CPU.ActiveCfg = Release|Any CPU
		{C341AE7B-24B6-4F5A-9C95-EF754AC917F3}.Release|Any CPU.Build.0 = Release|Any CPU
		{B8496FBD-223C-45F1-805C-EB38406A86FD}.Debug|Any CPU.ActiveCfg = Debug|Any CPU
		{B8496FBD-223C-45F1-805C-EB38406A86FD}.Debug|Any CPU.Build.0 = Debug|Any CPU
		{B8496FBD-223C-45F1-805C-EB38406A86FD}.Release|Any CPU.ActiveCfg = Release|Any CPU
		{B8496FBD-223C-45F1-805C-EB38406A86FD}.Release|Any CPU.Build.0 = Release|Any CPU
	EndGlobalSection
	GlobalSection(SolutionProperties) = preSolution
		HideSolutionNode = FALSE
	EndGlobalSection
	GlobalSection(ExtensibilityGlobals) = postSolution
		SolutionGuid = {A974AF7B-25EF-4DFD-BE68-0829993A6825}
	EndGlobalSection
EndGlobal
